{
    "_meta": {
        "hash": {
            "sha256": "00266bcc79f15694bace25a9f5234ced4fc910aa01ec68723a3ee4808ffecbf7"
        },
        "pipfile-spec": 6,
        "requires": {
            "python_version": "3.7"
        },
        "sources": [
            {
                "name": "pypi",
                "url": "https://pypi.org/simple",
                "verify_ssl": true
            }
        ]
    },
    "default": {
        "django": {
            "hashes": [
                "sha256:275bec66fd2588dd517ada59b8bfb23d4a9abc5a362349139ddda3c7ff6f5ade",
                "sha256:939652e9d34d7d53d74d5d8ef82a19e5f8bb2de75618f7e5360691b6e9667963"
            ],
            "index": "pypi",
            "version": "==2.1.7"
        },
        "django-taggit": {
            "hashes": [
                "sha256:a21cbe7e0879f1364eef1c88a2eda89d593bf000ebf51c3f00423c6927075dce",
                "sha256:db4430ec99265341e05d0274edb0279163bd74357241f7b4d9274bdcb3338b17"
            ],
            "index": "pypi",
            "version": "==0.23.0"
        },
        "pytz": {
            "hashes": [
                "sha256:32b0891edff07e28efe91284ed9c31e123d84bea3fd98e1f72be2508f43ef8d9",
                "sha256:d5f05e487007e29e03409f9398d074e158d920d36eb82eaf66fb1136b0c5374c"
            ],
            "version": "==2018.9"
        }
    },
    "develop": {}
}
